// !$*UTF8*$!
{
	archiveVersion = 1;
	classes = {
	};
	objectVersion = 50;
	objects = {

/* Begin PBXBuildFile section */
		2410D7D4225EDB18001B192B /* InfoPlist.strings in Resources */ = {isa = PBXBuildFile; fileRef = 2495A1A22253AE6F0009052D /* InfoPlist.strings */; };
		2410D7D8225F4463001B192B /* SettingsViewController.swift in Sources */ = {isa = PBXBuildFile; fileRef = 2410D7D7225F4463001B192B /* SettingsViewController.swift */; };
		241CA3552223D13600D5FC5F /* AppDelegate.swift in Sources */ = {isa = PBXBuildFile; fileRef = 241CA3542223D13600D5FC5F /* AppDelegate.swift */; };
		241CA35C2223D13700D5FC5F /* Assets.xcassets in Resources */ = {isa = PBXBuildFile; fileRef = 241CA35B2223D13700D5FC5F /* Assets.xcassets */; };
		2495A1A02253AE6F0009052D /* InfoPlist.strings in Resources */ = {isa = PBXBuildFile; fileRef = 2495A1A22253AE6F0009052D /* InfoPlist.strings */; };
		24A4B11822523DB8001D77C2 /* ViewController.swift in Sources */ = {isa = PBXBuildFile; fileRef = 24A4B11522523DB8001D77C2 /* ViewController.swift */; };
		24A4B11922523DB8001D77C2 /* CurrencyPickerViewController.swift in Sources */ = {isa = PBXBuildFile; fileRef = 24A4B11622523DB8001D77C2 /* CurrencyPickerViewController.swift */; };
		24A4B11D22523F73001D77C2 /* Localizable.strings in Resources */ = {isa = PBXBuildFile; fileRef = 24A4B11F22523F73001D77C2 /* Localizable.strings */; };
		24ADE831222909E600B4C046 /* cc.ttf in Resources */ = {isa = PBXBuildFile; fileRef = 24ADE830222909E600B4C046 /* cc.ttf */; };
		24ADE835222AAE3900B4C046 /* Iconfont.swift in Sources */ = {isa = PBXBuildFile; fileRef = 24ADE834222AAE3900B4C046 /* Iconfont.swift */; };
		24ADE841222ED4AB00B4C046 /* LaunchScreen.storyboard in Resources */ = {isa = PBXBuildFile; fileRef = 24ADE83F222ED4AB00B4C046 /* LaunchScreen.storyboard */; };
		24ADE842222ED4AB00B4C046 /* Main.storyboard in Resources */ = {isa = PBXBuildFile; fileRef = 24ADE840222ED4AB00B4C046 /* Main.storyboard */; };
		24C680102227855A00747FBF /* button.swift in Sources */ = {isa = PBXBuildFile; fileRef = 24C6800F2227855A00747FBF /* button.swift */; };
		24D0A651224394FC00BC423B /* SettingsTableCell.swift in Sources */ = {isa = PBXBuildFile; fileRef = 24D0A650224394FC00BC423B /* SettingsTableCell.swift */; };
		24D0A6552248D6E800BC423B /* SettingsBundleHelper.swift in Sources */ = {isa = PBXBuildFile; fileRef = 24D0A6542248D6E800BC423B /* SettingsBundleHelper.swift */; };
		24D0A6572248F12900BC423B /* Sounds in Resources */ = {isa = PBXBuildFile; fileRef = 24D0A6562248F12800BC423B /* Sounds */; };
		24D9857D225C8CE900AEBA7B /* NotificationCenter.framework in Frameworks */ = {isa = PBXBuildFile; fileRef = 24D9857C225C8CE900AEBA7B /* NotificationCenter.framework */; };
		24D98580225C8CE900AEBA7B /* TodayViewController.swift in Sources */ = {isa = PBXBuildFile; fileRef = 24D9857F225C8CE900AEBA7B /* TodayViewController.swift */; };
		24D98583225C8CE900AEBA7B /* MainInterface.storyboard in Resources */ = {isa = PBXBuildFile; fileRef = 24D98581225C8CE900AEBA7B /* MainInterface.storyboard */; };
		24D98587225C8CE900AEBA7B /* TodayWidget.appex in Embed App Extensions */ = {isa = PBXBuildFile; fileRef = 24D9857A225C8CE900AEBA7B /* TodayWidget.appex */; settings = {ATTRIBUTES = (RemoveHeadersOnCopy, ); }; };
		24D9858D225CA52500AEBA7B /* Util.swift in Sources */ = {isa = PBXBuildFile; fileRef = 24D9858C225CA52500AEBA7B /* Util.swift */; };
		24EAA6262231ACAB00ACF074 /* Util.swift in Sources */ = {isa = PBXBuildFile; fileRef = 24EAA6252231ACAB00ACF074 /* Util.swift */; };
		24EF906A22606CF8005D6130 /* DecimalsViewController.swift in Sources */ = {isa = PBXBuildFile; fileRef = 24EF906922606CF8005D6130 /* DecimalsViewController.swift */; };
		24EF906C22609FEC005D6130 /* FrequencyViewController.swift in Sources */ = {isa = PBXBuildFile; fileRef = 24EF906B22609FEC005D6130 /* FrequencyViewController.swift */; };
/* End PBXBuildFile section */

/* Begin PBXContainerItemProxy section */
		241CA3662223D13700D5FC5F /* PBXContainerItemProxy */ = {
			isa = PBXContainerItemProxy;
			containerPortal = 241CA3492223D13600D5FC5F /* Project object */;
			proxyType = 1;
			remoteGlobalIDString = 241CA3502223D13600D5FC5F;
			remoteInfo = CurrencyConverter;
		};
		241CA3712223D13700D5FC5F /* PBXContainerItemProxy */ = {
			isa = PBXContainerItemProxy;
			containerPortal = 241CA3492223D13600D5FC5F /* Project object */;
			proxyType = 1;
			remoteGlobalIDString = 241CA3502223D13600D5FC5F;
			remoteInfo = CurrencyConverter;
		};
		24D98585225C8CE900AEBA7B /* PBXContainerItemProxy */ = {
			isa = PBXContainerItemProxy;
			containerPortal = 241CA3492223D13600D5FC5F /* Project object */;
			proxyType = 1;
			remoteGlobalIDString = 24D98579225C8CE900AEBA7B;
			remoteInfo = TodayWidget;
		};
/* End PBXContainerItemProxy section */

/* Begin PBXCopyFilesBuildPhase section */
		24D9858B225C8CE900AEBA7B /* Embed App Extensions */ = {
			isa = PBXCopyFilesBuildPhase;
			buildActionMask = 2147483647;
			dstPath = "";
			dstSubfolderSpec = 13;
			files = (
				24D98587225C8CE900AEBA7B /* TodayWidget.appex in Embed App Extensions */,
			);
			name = "Embed App Extensions";
			runOnlyForDeploymentPostprocessing = 0;
		};
/* End PBXCopyFilesBuildPhase section */

/* Begin PBXFileReference section */
		2410D7D2225D83D3001B192B /* CurrencyConverter.entitlements */ = {isa = PBXFileReference; lastKnownFileType = text.plist.entitlements; path = CurrencyConverter.entitlements; sourceTree = "<group>"; };
		2410D7D3225E0B42001B192B /* TodayWidget.entitlements */ = {isa = PBXFileReference; lastKnownFileType = text.plist.entitlements; path = TodayWidget.entitlements; sourceTree = "<group>"; };
		2410D7D7225F4463001B192B /* SettingsViewController.swift */ = {isa = PBXFileReference; lastKnownFileType = sourcecode.swift; path = SettingsViewController.swift; sourceTree = "<group>"; };
		241CA3512223D13600D5FC5F /* CurrencyConverter.app */ = {isa = PBXFileReference; explicitFileType = wrapper.application; includeInIndex = 0; path = CurrencyConverter.app; sourceTree = BUILT_PRODUCTS_DIR; };
		241CA3542223D13600D5FC5F /* AppDelegate.swift */ = {isa = PBXFileReference; lastKnownFileType = sourcecode.swift; path = AppDelegate.swift; sourceTree = "<group>"; };
		241CA35B2223D13700D5FC5F /* Assets.xcassets */ = {isa = PBXFileReference; lastKnownFileType = folder.assetcatalog; path = Assets.xcassets; sourceTree = "<group>"; };
		241CA3602223D13700D5FC5F /* Info.plist */ = {isa = PBXFileReference; lastKnownFileType = text.plist.xml; path = Info.plist; sourceTree = "<group>"; };
		241CA3652223D13700D5FC5F /* CurrencyConverterTests.xctest */ = {isa = PBXFileReference; explicitFileType = wrapper.cfbundle; includeInIndex = 0; path = CurrencyConverterTests.xctest; sourceTree = BUILT_PRODUCTS_DIR; };
		241CA3702223D13700D5FC5F /* CurrencyConverterUITests.xctest */ = {isa = PBXFileReference; explicitFileType = wrapper.cfbundle; includeInIndex = 0; path = CurrencyConverterUITests.xctest; sourceTree = BUILT_PRODUCTS_DIR; };
		2495A1A12253AE6F0009052D /* en */ = {isa = PBXFileReference; lastKnownFileType = text.plist.strings; name = en; path = en.lproj/InfoPlist.strings; sourceTree = "<group>"; };
		2495A1A32253AE720009052D /* zh-Hans */ = {isa = PBXFileReference; lastKnownFileType = text.plist.strings; name = "zh-Hans"; path = "zh-Hans.lproj/InfoPlist.strings"; sourceTree = "<group>"; };
		24A4B11522523DB8001D77C2 /* ViewController.swift */ = {isa = PBXFileReference; fileEncoding = 4; lastKnownFileType = sourcecode.swift; path = ViewController.swift; sourceTree = "<group>"; };
		24A4B11622523DB8001D77C2 /* CurrencyPickerViewController.swift */ = {isa = PBXFileReference; fileEncoding = 4; lastKnownFileType = sourcecode.swift; path = CurrencyPickerViewController.swift; sourceTree = "<group>"; };
		24A4B11E22523F73001D77C2 /* en */ = {isa = PBXFileReference; lastKnownFileType = text.plist.strings; name = en; path = en.lproj/Localizable.strings; sourceTree = "<group>"; };
		24A4B12022523F96001D77C2 /* zh-Hans */ = {isa = PBXFileReference; lastKnownFileType = text.plist.strings; name = "zh-Hans"; path = "zh-Hans.lproj/Localizable.strings"; sourceTree = "<group>"; };
		24ADE830222909E600B4C046 /* cc.ttf */ = {isa = PBXFileReference; lastKnownFileType = file; path = cc.ttf; sourceTree = "<group>"; };
		24ADE834222AAE3900B4C046 /* Iconfont.swift */ = {isa = PBXFileReference; lastKnownFileType = sourcecode.swift; path = Iconfont.swift; sourceTree = "<group>"; };
		24ADE83F222ED4AB00B4C046 /* LaunchScreen.storyboard */ = {isa = PBXFileReference; fileEncoding = 4; lastKnownFileType = file.storyboard; path = LaunchScreen.storyboard; sourceTree = "<group>"; };
		24ADE840222ED4AB00B4C046 /* Main.storyboard */ = {isa = PBXFileReference; fileEncoding = 4; lastKnownFileType = file.storyboard; path = Main.storyboard; sourceTree = "<group>"; };
		24C6800F2227855A00747FBF /* button.swift */ = {isa = PBXFileReference; lastKnownFileType = sourcecode.swift; path = button.swift; sourceTree = "<group>"; };
		24D0A650224394FC00BC423B /* SettingsTableCell.swift */ = {isa = PBXFileReference; lastKnownFileType = sourcecode.swift; path = SettingsTableCell.swift; sourceTree = "<group>"; };
		24D0A6542248D6E800BC423B /* SettingsBundleHelper.swift */ = {isa = PBXFileReference; lastKnownFileType = sourcecode.swift; path = SettingsBundleHelper.swift; sourceTree = "<group>"; };
		24D0A6562248F12800BC423B /* Sounds */ = {isa = PBXFileReference; lastKnownFileType = folder; path = Sounds; sourceTree = "<group>"; };
		24D9857A225C8CE900AEBA7B /* TodayWidget.appex */ = {isa = PBXFileReference; explicitFileType = "wrapper.app-extension"; includeInIndex = 0; path = TodayWidget.appex; sourceTree = BUILT_PRODUCTS_DIR; };
		24D9857C225C8CE900AEBA7B /* NotificationCenter.framework */ = {isa = PBXFileReference; lastKnownFileType = wrapper.framework; name = NotificationCenter.framework; path = System/Library/Frameworks/NotificationCenter.framework; sourceTree = SDKROOT; };
		24D9857F225C8CE900AEBA7B /* TodayViewController.swift */ = {isa = PBXFileReference; lastKnownFileType = sourcecode.swift; path = TodayViewController.swift; sourceTree = "<group>"; };
		24D98582225C8CE900AEBA7B /* Base */ = {isa = PBXFileReference; lastKnownFileType = file.storyboard; name = Base; path = Base.lproj/MainInterface.storyboard; sourceTree = "<group>"; };
		24D98584225C8CE900AEBA7B /* Info.plist */ = {isa = PBXFileReference; lastKnownFileType = text.plist.xml; path = Info.plist; sourceTree = "<group>"; };
		24D9858C225CA52500AEBA7B /* Util.swift */ = {isa = PBXFileReference; fileEncoding = 4; lastKnownFileType = sourcecode.swift; path = Util.swift; sourceTree = "<group>"; };
		24EAA6252231ACAB00ACF074 /* Util.swift */ = {isa = PBXFileReference; lastKnownFileType = sourcecode.swift; path = Util.swift; sourceTree = "<group>"; };
		24EF906922606CF8005D6130 /* DecimalsViewController.swift */ = {isa = PBXFileReference; lastKnownFileType = sourcecode.swift; path = DecimalsViewController.swift; sourceTree = "<group>"; };
		24EF906B22609FEC005D6130 /* FrequencyViewController.swift */ = {isa = PBXFileReference; lastKnownFileType = sourcecode.swift; path = FrequencyViewController.swift; sourceTree = "<group>"; };
/* End PBXFileReference section */

/* Begin PBXFrameworksBuildPhase section */
		241CA34E2223D13600D5FC5F /* Frameworks */ = {
			isa = PBXFrameworksBuildPhase;
			buildActionMask = 2147483647;
			files = (
			);
			runOnlyForDeploymentPostprocessing = 0;
		};
		241CA3622223D13700D5FC5F /* Frameworks */ = {
			isa = PBXFrameworksBuildPhase;
			buildActionMask = 2147483647;
			files = (
			);
			runOnlyForDeploymentPostprocessing = 0;
		};
		241CA36D2223D13700D5FC5F /* Frameworks */ = {
			isa = PBXFrameworksBuildPhase;
			buildActionMask = 2147483647;
			files = (
			);
			runOnlyForDeploymentPostprocessing = 0;
		};
		24D98577225C8CE900AEBA7B /* Frameworks */ = {
			isa = PBXFrameworksBuildPhase;
			buildActionMask = 2147483647;
			files = (
				24D9857D225C8CE900AEBA7B /* NotificationCenter.framework in Frameworks */,
			);
			runOnlyForDeploymentPostprocessing = 0;
		};
/* End PBXFrameworksBuildPhase section */

/* Begin PBXGroup section */
		241CA3482223D13600D5FC5F = {
			isa = PBXGroup;
			children = (
				2495A1A22253AE6F0009052D /* InfoPlist.strings */,
				24A4B11F22523F73001D77C2 /* Localizable.strings */,
				241CA3532223D13600D5FC5F /* CurrencyConverter */,
				24D9857E225C8CE900AEBA7B /* TodayWidget */,
				24D9857B225C8CE900AEBA7B /* Frameworks */,
				241CA3522223D13600D5FC5F /* Products */,
			);
			sourceTree = "<group>";
		};
		241CA3522223D13600D5FC5F /* Products */ = {
			isa = PBXGroup;
			children = (
				241CA3512223D13600D5FC5F /* CurrencyConverter.app */,
				241CA3652223D13700D5FC5F /* CurrencyConverterTests.xctest */,
				241CA3702223D13700D5FC5F /* CurrencyConverterUITests.xctest */,
				24D9857A225C8CE900AEBA7B /* TodayWidget.appex */,
			);
			name = Products;
			sourceTree = "<group>";
		};
		241CA3532223D13600D5FC5F /* CurrencyConverter */ = {
			isa = PBXGroup;
			children = (
				2410D7D2225D83D3001B192B /* CurrencyConverter.entitlements */,
				24A4B11422523DB8001D77C2 /* ViewControllers */,
				24D0A6562248F12800BC423B /* Sounds */,
				24ADE83F222ED4AB00B4C046 /* LaunchScreen.storyboard */,
				24ADE840222ED4AB00B4C046 /* Main.storyboard */,
				24ADE830222909E600B4C046 /* cc.ttf */,
				241CA3542223D13600D5FC5F /* AppDelegate.swift */,
				241CA35B2223D13700D5FC5F /* Assets.xcassets */,
				241CA3602223D13700D5FC5F /* Info.plist */,
				24C6800F2227855A00747FBF /* button.swift */,
				24ADE834222AAE3900B4C046 /* Iconfont.swift */,
				24EAA6252231ACAB00ACF074 /* Util.swift */,
				24D0A650224394FC00BC423B /* SettingsTableCell.swift */,
				24D0A6542248D6E800BC423B /* SettingsBundleHelper.swift */,
			);
			path = CurrencyConverter;
			sourceTree = "<group>";
		};
		24A4B11422523DB8001D77C2 /* ViewControllers */ = {
			isa = PBXGroup;
			children = (
				24EF906922606CF8005D6130 /* DecimalsViewController.swift */,
				24EF906B22609FEC005D6130 /* FrequencyViewController.swift */,
				2410D7D7225F4463001B192B /* SettingsViewController.swift */,
				24A4B11522523DB8001D77C2 /* ViewController.swift */,
				24A4B11622523DB8001D77C2 /* CurrencyPickerViewController.swift */,
			);
			path = ViewControllers;
			sourceTree = "<group>";
		};
		24D9857B225C8CE900AEBA7B /* Frameworks */ = {
			isa = PBXGroup;
			children = (
				24D9857C225C8CE900AEBA7B /* NotificationCenter.framework */,
			);
			name = Frameworks;
			sourceTree = "<group>";
		};
		24D9857E225C8CE900AEBA7B /* TodayWidget */ = {
			isa = PBXGroup;
			children = (
				2410D7D3225E0B42001B192B /* TodayWidget.entitlements */,
				24D9858C225CA52500AEBA7B /* Util.swift */,
				24D9857F225C8CE900AEBA7B /* TodayViewController.swift */,
				24D98581225C8CE900AEBA7B /* MainInterface.storyboard */,
				24D98584225C8CE900AEBA7B /* Info.plist */,
			);
			path = TodayWidget;
			sourceTree = "<group>";
		};
/* End PBXGroup section */

/* Begin PBXNativeTarget section */
		241CA3502223D13600D5FC5F /* CurrencyConverter */ = {
			isa = PBXNativeTarget;
			buildConfigurationList = 241CA3792223D13700D5FC5F /* Build configuration list for PBXNativeTarget "CurrencyConverter" */;
			buildPhases = (
				241CA34D2223D13600D5FC5F /* Sources */,
				241CA34E2223D13600D5FC5F /* Frameworks */,
				241CA34F2223D13600D5FC5F /* Resources */,
				24D9858B225C8CE900AEBA7B /* Embed App Extensions */,
			);
			buildRules = (
			);
			dependencies = (
				24D98586225C8CE900AEBA7B /* PBXTargetDependency */,
			);
			name = CurrencyConverter;
			productName = CurrencyConverter;
			productReference = 241CA3512223D13600D5FC5F /* CurrencyConverter.app */;
			productType = "com.apple.product-type.application";
		};
		241CA3642223D13700D5FC5F /* CurrencyConverterTests */ = {
			isa = PBXNativeTarget;
			buildConfigurationList = 241CA37C2223D13700D5FC5F /* Build configuration list for PBXNativeTarget "CurrencyConverterTests" */;
			buildPhases = (
				241CA3612223D13700D5FC5F /* Sources */,
				241CA3622223D13700D5FC5F /* Frameworks */,
				241CA3632223D13700D5FC5F /* Resources */,
			);
			buildRules = (
			);
			dependencies = (
				241CA3672223D13700D5FC5F /* PBXTargetDependency */,
			);
			name = CurrencyConverterTests;
			productName = CurrencyConverterTests;
			productReference = 241CA3652223D13700D5FC5F /* CurrencyConverterTests.xctest */;
			productType = "com.apple.product-type.bundle.unit-test";
		};
		241CA36F2223D13700D5FC5F /* CurrencyConverterUITests */ = {
			isa = PBXNativeTarget;
			buildConfigurationList = 241CA37F2223D13700D5FC5F /* Build configuration list for PBXNativeTarget "CurrencyConverterUITests" */;
			buildPhases = (
				241CA36C2223D13700D5FC5F /* Sources */,
				241CA36D2223D13700D5FC5F /* Frameworks */,
				241CA36E2223D13700D5FC5F /* Resources */,
			);
			buildRules = (
			);
			dependencies = (
				241CA3722223D13700D5FC5F /* PBXTargetDependency */,
			);
			name = CurrencyConverterUITests;
			productName = CurrencyConverterUITests;
			productReference = 241CA3702223D13700D5FC5F /* CurrencyConverterUITests.xctest */;
			productType = "com.apple.product-type.bundle.ui-testing";
		};
		24D98579225C8CE900AEBA7B /* TodayWidget */ = {
			isa = PBXNativeTarget;
			buildConfigurationList = 24D9858A225C8CE900AEBA7B /* Build configuration list for PBXNativeTarget "TodayWidget" */;
			buildPhases = (
				24D98576225C8CE900AEBA7B /* Sources */,
				24D98577225C8CE900AEBA7B /* Frameworks */,
				24D98578225C8CE900AEBA7B /* Resources */,
			);
			buildRules = (
			);
			dependencies = (
			);
			name = TodayWidget;
			productName = TodayWidget;
			productReference = 24D9857A225C8CE900AEBA7B /* TodayWidget.appex */;
			productType = "com.apple.product-type.app-extension";
		};
/* End PBXNativeTarget section */

/* Begin PBXProject section */
		241CA3492223D13600D5FC5F /* Project object */ = {
			isa = PBXProject;
			attributes = {
				LastSwiftUpdateCheck = 1010;
				LastUpgradeCheck = 1010;
				ORGANIZATIONNAME = zhi.zhong;
				TargetAttributes = {
					241CA3502223D13600D5FC5F = {
						CreatedOnToolsVersion = 10.1;
						SystemCapabilities = {
							com.apple.ApplicationGroups.iOS = {
								enabled = 1;
							};
						};
					};
					241CA3642223D13700D5FC5F = {
						CreatedOnToolsVersion = 10.1;
						TestTargetID = 241CA3502223D13600D5FC5F;
					};
					241CA36F2223D13700D5FC5F = {
						CreatedOnToolsVersion = 10.1;
						TestTargetID = 241CA3502223D13600D5FC5F;
					};
					24D98579225C8CE900AEBA7B = {
						CreatedOnToolsVersion = 10.1;
						SystemCapabilities = {
							com.apple.ApplicationGroups.iOS = {
								enabled = 1;
							};
						};
					};
				};
			};
			buildConfigurationList = 241CA34C2223D13600D5FC5F /* Build configuration list for PBXProject "CurrencyConverter" */;
			compatibilityVersion = "Xcode 9.3";
			developmentRegion = en;
			hasScannedForEncodings = 0;
			knownRegions = (
				en,
				Base,
				"zh-Hans",
			);
			mainGroup = 241CA3482223D13600D5FC5F;
			productRefGroup = 241CA3522223D13600D5FC5F /* Products */;
			projectDirPath = "";
			projectRoot = "";
			targets = (
				241CA3502223D13600D5FC5F /* CurrencyConverter */,
				241CA3642223D13700D5FC5F /* CurrencyConverterTests */,
				241CA36F2223D13700D5FC5F /* CurrencyConverterUITests */,
				24D98579225C8CE900AEBA7B /* TodayWidget */,
			);
		};
/* End PBXProject section */

/* Begin PBXResourcesBuildPhase section */
		241CA34F2223D13600D5FC5F /* Resources */ = {
			isa = PBXResourcesBuildPhase;
			buildActionMask = 2147483647;
			files = (
				24D0A6572248F12900BC423B /* Sounds in Resources */,
				2495A1A02253AE6F0009052D /* InfoPlist.strings in Resources */,
				24ADE841222ED4AB00B4C046 /* LaunchScreen.storyboard in Resources */,
				24ADE831222909E600B4C046 /* cc.ttf in Resources */,
				24A4B11D22523F73001D77C2 /* Localizable.strings in Resources */,
				241CA35C2223D13700D5FC5F /* Assets.xcassets in Resources */,
				24ADE842222ED4AB00B4C046 /* Main.storyboard in Resources */,
			);
			runOnlyForDeploymentPostprocessing = 0;
		};
		241CA3632223D13700D5FC5F /* Resources */ = {
			isa = PBXResourcesBuildPhase;
			buildActionMask = 2147483647;
			files = (
			);
			runOnlyForDeploymentPostprocessing = 0;
		};
		241CA36E2223D13700D5FC5F /* Resources */ = {
			isa = PBXResourcesBuildPhase;
			buildActionMask = 2147483647;
			files = (
			);
			runOnlyForDeploymentPostprocessing = 0;
		};
		24D98578225C8CE900AEBA7B /* Resources */ = {
			isa = PBXResourcesBuildPhase;
			buildActionMask = 2147483647;
			files = (
				24D98583225C8CE900AEBA7B /* MainInterface.storyboard in Resources */,
				2410D7D4225EDB18001B192B /* InfoPlist.strings in Resources */,
			);
			runOnlyForDeploymentPostprocessing = 0;
		};
/* End PBXResourcesBuildPhase section */

/* Begin PBXSourcesBuildPhase section */
		241CA34D2223D13600D5FC5F /* Sources */ = {
			isa = PBXSourcesBuildPhase;
			buildActionMask = 2147483647;
			files = (
				24ADE835222AAE3900B4C046 /* Iconfont.swift in Sources */,
				24EF906A22606CF8005D6130 /* DecimalsViewController.swift in Sources */,
				24A4B11922523DB8001D77C2 /* CurrencyPickerViewController.swift in Sources */,
				24EAA6262231ACAB00ACF074 /* Util.swift in Sources */,
				24D0A651224394FC00BC423B /* SettingsTableCell.swift in Sources */,
				24D0A6552248D6E800BC423B /* SettingsBundleHelper.swift in Sources */,
				24A4B11822523DB8001D77C2 /* ViewController.swift in Sources */,
				2410D7D8225F4463001B192B /* SettingsViewController.swift in Sources */,
				241CA3552223D13600D5FC5F /* AppDelegate.swift in Sources */,
				24EF906C22609FEC005D6130 /* FrequencyViewController.swift in Sources */,
				24C680102227855A00747FBF /* button.swift in Sources */,
			);
			runOnlyForDeploymentPostprocessing = 0;
		};
		241CA3612223D13700D5FC5F /* Sources */ = {
			isa = PBXSourcesBuildPhase;
			buildActionMask = 2147483647;
			files = (
			);
			runOnlyForDeploymentPostprocessing = 0;
		};
		241CA36C2223D13700D5FC5F /* Sources */ = {
			isa = PBXSourcesBuildPhase;
			buildActionMask = 2147483647;
			files = (
			);
			runOnlyForDeploymentPostprocessing = 0;
		};
		24D98576225C8CE900AEBA7B /* Sources */ = {
			isa = PBXSourcesBuildPhase;
			buildActionMask = 2147483647;
			files = (
				24D98580225C8CE900AEBA7B /* TodayViewController.swift in Sources */,
				24D9858D225CA52500AEBA7B /* Util.swift in Sources */,
			);
			runOnlyForDeploymentPostprocessing = 0;
		};
/* End PBXSourcesBuildPhase section */

/* Begin PBXTargetDependency section */
		241CA3672223D13700D5FC5F /* PBXTargetDependency */ = {
			isa = PBXTargetDependency;
			target = 241CA3502223D13600D5FC5F /* CurrencyConverter */;
			targetProxy = 241CA3662223D13700D5FC5F /* PBXContainerItemProxy */;
		};
		241CA3722223D13700D5FC5F /* PBXTargetDependency */ = {
			isa = PBXTargetDependency;
			target = 241CA3502223D13600D5FC5F /* CurrencyConverter */;
			targetProxy = 241CA3712223D13700D5FC5F /* PBXContainerItemProxy */;
		};
		24D98586225C8CE900AEBA7B /* PBXTargetDependency */ = {
			isa = PBXTargetDependency;
			target = 24D98579225C8CE900AEBA7B /* TodayWidget */;
			targetProxy = 24D98585225C8CE900AEBA7B /* PBXContainerItemProxy */;
		};
/* End PBXTargetDependency section */

/* Begin PBXVariantGroup section */
		2495A1A22253AE6F0009052D /* InfoPlist.strings */ = {
			isa = PBXVariantGroup;
			children = (
				2495A1A12253AE6F0009052D /* en */,
				2495A1A32253AE720009052D /* zh-Hans */,
			);
			name = InfoPlist.strings;
			path = CurrencyConverter;
			sourceTree = "<group>";
		};
		24A4B11F22523F73001D77C2 /* Localizable.strings */ = {
			isa = PBXVariantGroup;
			children = (
				24A4B11E22523F73001D77C2 /* en */,
				24A4B12022523F96001D77C2 /* zh-Hans */,
			);
			name = Localizable.strings;
			path = CurrencyConverter;
			sourceTree = "<group>";
		};
		24D98581225C8CE900AEBA7B /* MainInterface.storyboard */ = {
			isa = PBXVariantGroup;
			children = (
				24D98582225C8CE900AEBA7B /* Base */,
			);
			name = MainInterface.storyboard;
			sourceTree = "<group>";
		};
/* End PBXVariantGroup section */

/* Begin XCBuildConfiguration section */
		241CA3772223D13700D5FC5F /* Debug */ = {
			isa = XCBuildConfiguration;
			buildSettings = {
				ALWAYS_SEARCH_USER_PATHS = NO;
				CLANG_ANALYZER_LOCALIZABILITY_NONLOCALIZED = YES;
				CLANG_ANALYZER_NONNULL = YES;
				CLANG_ANALYZER_NUMBER_OBJECT_CONVERSION = YES_AGGRESSIVE;
				CLANG_CXX_LANGUAGE_STANDARD = "gnu++14";
				CLANG_CXX_LIBRARY = "libc++";
				CLANG_ENABLE_MODULES = YES;
				CLANG_ENABLE_OBJC_ARC = YES;
				CLANG_ENABLE_OBJC_WEAK = YES;
				CLANG_WARN_BLOCK_CAPTURE_AUTORELEASING = YES;
				CLANG_WARN_BOOL_CONVERSION = YES;
				CLANG_WARN_COMMA = YES;
				CLANG_WARN_CONSTANT_CONVERSION = YES;
				CLANG_WARN_DEPRECATED_OBJC_IMPLEMENTATIONS = YES;
				CLANG_WARN_DIRECT_OBJC_ISA_USAGE = YES_ERROR;
				CLANG_WARN_DOCUMENTATION_COMMENTS = YES;
				CLANG_WARN_EMPTY_BODY = YES;
				CLANG_WARN_ENUM_CONVERSION = YES;
				CLANG_WARN_INFINITE_RECURSION = YES;
				CLANG_WARN_INT_CONVERSION = YES;
				CLANG_WARN_NON_LITERAL_NULL_CONVERSION = YES;
				CLANG_WARN_OBJC_IMPLICIT_RETAIN_SELF = YES;
				CLANG_WARN_OBJC_LITERAL_CONVERSION = YES;
				CLANG_WARN_OBJC_ROOT_CLASS = YES_ERROR;
				CLANG_WARN_RANGE_LOOP_ANALYSIS = YES;
				CLANG_WARN_STRICT_PROTOTYPES = YES;
				CLANG_WARN_SUSPICIOUS_MOVE = YES;
				CLANG_WARN_UNGUARDED_AVAILABILITY = YES_AGGRESSIVE;
				CLANG_WARN_UNREACHABLE_CODE = YES;
				CLANG_WARN__DUPLICATE_METHOD_MATCH = YES;
				CODE_SIGN_IDENTITY = "iPhone Developer";
				COPY_PHASE_STRIP = NO;
				DEBUG_INFORMATION_FORMAT = dwarf;
				ENABLE_STRICT_OBJC_MSGSEND = YES;
				ENABLE_TESTABILITY = YES;
				GCC_C_LANGUAGE_STANDARD = gnu11;
				GCC_DYNAMIC_NO_PIC = NO;
				GCC_NO_COMMON_BLOCKS = YES;
				GCC_OPTIMIZATION_LEVEL = 0;
				GCC_PREPROCESSOR_DEFINITIONS = (
					"DEBUG=1",
					"$(inherited)",
				);
				GCC_WARN_64_TO_32_BIT_CONVERSION = YES;
				GCC_WARN_ABOUT_RETURN_TYPE = YES_ERROR;
				GCC_WARN_UNDECLARED_SELECTOR = YES;
				GCC_WARN_UNINITIALIZED_AUTOS = YES_AGGRESSIVE;
				GCC_WARN_UNUSED_FUNCTION = YES;
				GCC_WARN_UNUSED_VARIABLE = YES;
				IPHONEOS_DEPLOYMENT_TARGET = 9.0;
				MTL_ENABLE_DEBUG_INFO = INCLUDE_SOURCE;
				MTL_FAST_MATH = YES;
				ONLY_ACTIVE_ARCH = YES;
				SDKROOT = iphoneos;
				SWIFT_ACTIVE_COMPILATION_CONDITIONS = DEBUG;
				SWIFT_OPTIMIZATION_LEVEL = "-Onone";
			};
			name = Debug;
		};
		241CA3782223D13700D5FC5F /* Release */ = {
			isa = XCBuildConfiguration;
			buildSettings = {
				ALWAYS_SEARCH_USER_PATHS = NO;
				CLANG_ANALYZER_LOCALIZABILITY_NONLOCALIZED = YES;
				CLANG_ANALYZER_NONNULL = YES;
				CLANG_ANALYZER_NUMBER_OBJECT_CONVERSION = YES_AGGRESSIVE;
				CLANG_CXX_LANGUAGE_STANDARD = "gnu++14";
				CLANG_CXX_LIBRARY = "libc++";
				CLANG_ENABLE_MODULES = YES;
				CLANG_ENABLE_OBJC_ARC = YES;
				CLANG_ENABLE_OBJC_WEAK = YES;
				CLANG_WARN_BLOCK_CAPTURE_AUTORELEASING = YES;
				CLANG_WARN_BOOL_CONVERSION = YES;
				CLANG_WARN_COMMA = YES;
				CLANG_WARN_CONSTANT_CONVERSION = YES;
				CLANG_WARN_DEPRECATED_OBJC_IMPLEMENTATIONS = YES;
				CLANG_WARN_DIRECT_OBJC_ISA_USAGE = YES_ERROR;
				CLANG_WARN_DOCUMENTATION_COMMENTS = YES;
				CLANG_WARN_EMPTY_BODY = YES;
				CLANG_WARN_ENUM_CONVERSION = YES;
				CLANG_WARN_INFINITE_RECURSION = YES;
				CLANG_WARN_INT_CONVERSION = YES;
				CLANG_WARN_NON_LITERAL_NULL_CONVERSION = YES;
				CLANG_WARN_OBJC_IMPLICIT_RETAIN_SELF = YES;
				CLANG_WARN_OBJC_LITERAL_CONVERSION = YES;
				CLANG_WARN_OBJC_ROOT_CLASS = YES_ERROR;
				CLANG_WARN_RANGE_LOOP_ANALYSIS = YES;
				CLANG_WARN_STRICT_PROTOTYPES = YES;
				CLANG_WARN_SUSPICIOUS_MOVE = YES;
				CLANG_WARN_UNGUARDED_AVAILABILITY = YES_AGGRESSIVE;
				CLANG_WARN_UNREACHABLE_CODE = YES;
				CLANG_WARN__DUPLICATE_METHOD_MATCH = YES;
				CODE_SIGN_IDENTITY = "iPhone Developer";
				COPY_PHASE_STRIP = NO;
				DEBUG_INFORMATION_FORMAT = "dwarf-with-dsym";
				ENABLE_NS_ASSERTIONS = NO;
				ENABLE_STRICT_OBJC_MSGSEND = YES;
				GCC_C_LANGUAGE_STANDARD = gnu11;
				GCC_NO_COMMON_BLOCKS = YES;
				GCC_WARN_64_TO_32_BIT_CONVERSION = YES;
				GCC_WARN_ABOUT_RETURN_TYPE = YES_ERROR;
				GCC_WARN_UNDECLARED_SELECTOR = YES;
				GCC_WARN_UNINITIALIZED_AUTOS = YES_AGGRESSIVE;
				GCC_WARN_UNUSED_FUNCTION = YES;
				GCC_WARN_UNUSED_VARIABLE = YES;
				IPHONEOS_DEPLOYMENT_TARGET = 9.0;
				MTL_ENABLE_DEBUG_INFO = NO;
				MTL_FAST_MATH = YES;
				SDKROOT = iphoneos;
				SWIFT_COMPILATION_MODE = wholemodule;
				SWIFT_OPTIMIZATION_LEVEL = "-O";
				VALIDATE_PRODUCT = YES;
			};
			name = Release;
		};
		241CA37A2223D13700D5FC5F /* Debug */ = {
			isa = XCBuildConfiguration;
			buildSettings = {
				ALWAYS_EMBED_SWIFT_STANDARD_LIBRARIES = YES;
				ASSETCATALOG_COMPILER_APPICON_NAME = AppIcon;
				ASSETCATALOG_COMPILER_LAUNCHIMAGE_NAME = LaunchImage;
				CODE_SIGN_ENTITLEMENTS = CurrencyConverter/CurrencyConverter.entitlements;
				CODE_SIGN_STYLE = Automatic;
				DEVELOPMENT_TEAM = PP779DWHHM;
				INFOPLIST_FILE = CurrencyConverter/Info.plist;
				IPHONEOS_DEPLOYMENT_TARGET = 10.0;
				LD_RUNPATH_SEARCH_PATHS = (
					"$(inherited)",
					"@executable_path/Frameworks",
				);
				PRODUCT_BUNDLE_IDENTIFIER = ZhongZhi.CurrencyConverter;
				PRODUCT_NAME = "$(TARGET_NAME)";
				SWIFT_VERSION = 4.2;
				TARGETED_DEVICE_FAMILY = "1,2";
			};
			name = Debug;
		};
		241CA37B2223D13700D5FC5F /* Release */ = {
			isa = XCBuildConfiguration;
			buildSettings = {
				ALWAYS_EMBED_SWIFT_STANDARD_LIBRARIES = YES;
				ASSETCATALOG_COMPILER_APPICON_NAME = AppIcon;
				ASSETCATALOG_COMPILER_LAUNCHIMAGE_NAME = LaunchImage;
				CODE_SIGN_ENTITLEMENTS = CurrencyConverter/CurrencyConverter.entitlements;
				CODE_SIGN_STYLE = Automatic;
				DEVELOPMENT_TEAM = PP779DWHHM;
				INFOPLIST_FILE = CurrencyConverter/Info.plist;
				IPHONEOS_DEPLOYMENT_TARGET = 10.0;
				LD_RUNPATH_SEARCH_PATHS = (
					"$(inherited)",
					"@executable_path/Frameworks",
				);
				PRODUCT_BUNDLE_IDENTIFIER = ZhongZhi.CurrencyConverter;
				PRODUCT_NAME = "$(TARGET_NAME)";
				SWIFT_VERSION = 4.2;
				TARGETED_DEVICE_FAMILY = "1,2";
			};
			name = Release;
		};
		241CA37D2223D13700D5FC5F /* Debug */ = {
			isa = XCBuildConfiguration;
			buildSettings = {
				ALWAYS_EMBED_SWIFT_STANDARD_LIBRARIES = YES;
				BUNDLE_LOADER = "$(TEST_HOST)";
				CODE_SIGN_STYLE = Automatic;
				DEVELOPMENT_TEAM = PP779DWHHM;
				INFOPLIST_FILE = CurrencyConverterTests/Info.plist;
				LD_RUNPATH_SEARCH_PATHS = (
					"$(inherited)",
					"@executable_path/Frameworks",
					"@loader_path/Frameworks",
				);
				PRODUCT_BUNDLE_IDENTIFIER = ZZ.CurrencyConverterTests;
				PRODUCT_NAME = "$(TARGET_NAME)";
				SWIFT_VERSION = 4.2;
				TARGETED_DEVICE_FAMILY = "1,2";
				TEST_HOST = "$(BUILT_PRODUCTS_DIR)/CurrencyConverter.app/CurrencyConverter";
			};
			name = Debug;
		};
		241CA37E2223D13700D5FC5F /* Release */ = {
			isa = XCBuildConfiguration;
			buildSettings = {
				ALWAYS_EMBED_SWIFT_STANDARD_LIBRARIES = YES;
				BUNDLE_LOADER = "$(TEST_HOST)";
				CODE_SIGN_STYLE = Automatic;
				DEVELOPMENT_TEAM = PP779DWHHM;
				INFOPLIST_FILE = CurrencyConverterTests/Info.plist;
				LD_RUNPATH_SEARCH_PATHS = (
					"$(inherited)",
					"@executable_path/Frameworks",
					"@loader_path/Frameworks",
				);
				PRODUCT_BUNDLE_IDENTIFIER = ZZ.CurrencyConverterTests;
				PRODUCT_NAME = "$(TARGET_NAME)";
				SWIFT_VERSION = 4.2;
				TARGETED_DEVICE_FAMILY = "1,2";
				TEST_HOST = "$(BUILT_PRODUCTS_DIR)/CurrencyConverter.app/CurrencyConverter";
			};
			name = Release;
		};
		241CA3802223D13700D5FC5F /* Debug */ = {
			isa = XCBuildConfiguration;
			buildSettings = {
				ALWAYS_EMBED_SWIFT_STANDARD_LIBRARIES = YES;
				CODE_SIGN_STYLE = Automatic;
				DEVELOPMENT_TEAM = PP779DWHHM;
				INFOPLIST_FILE = CurrencyConverterUITests/Info.plist;
				LD_RUNPATH_SEARCH_PATHS = (
					"$(inherited)",
					"@executable_path/Frameworks",
					"@loader_path/Frameworks",
				);
				PRODUCT_BUNDLE_IDENTIFIER = ZZ.CurrencyConverterUITests;
				PRODUCT_NAME = "$(TARGET_NAME)";
				SWIFT_VERSION = 4.2;
				TARGETED_DEVICE_FAMILY = "1,2";
				TEST_TARGET_NAME = CurrencyConverter;
			};
			name = Debug;
		};
		241CA3812223D13700D5FC5F /* Release */ = {
			isa = XCBuildConfiguration;
			buildSettings = {
				ALWAYS_EMBED_SWIFT_STANDARD_LIBRARIES = YES;
				CODE_SIGN_STYLE = Automatic;
				DEVELOPMENT_TEAM = PP779DWHHM;
				INFOPLIST_FILE = CurrencyConverterUITests/Info.plist;
				LD_RUNPATH_SEARCH_PATHS = (
					"$(inherited)",
					"@executable_path/Frameworks",
					"@loader_path/Frameworks",
				);
				PRODUCT_BUNDLE_IDENTIFIER = ZZ.CurrencyConverterUITests;
				PRODUCT_NAME = "$(TARGET_NAME)";
				SWIFT_VERSION = 4.2;
				TARGETED_DEVICE_FAMILY = "1,2";
				TEST_TARGET_NAME = CurrencyConverter;
			};
			name = Release;
		};
		24D98588225C8CE900AEBA7B /* Debug */ = {
			isa = XCBuildConfiguration;
			buildSettings = {
				CODE_SIGN_ENTITLEMENTS = TodayWidget/TodayWidget.entitlements;
				CODE_SIGN_STYLE = Automatic;
				DEVELOPMENT_TEAM = PP779DWHHM;
				INFOPLIST_FILE = TodayWidget/Info.plist;
				IPHONEOS_DEPLOYMENT_TARGET = 12.1;
				LD_RUNPATH_SEARCH_PATHS = (
					"$(inherited)",
					"@executable_path/Frameworks",
					"@executable_path/../../Frameworks",
				);
				PRODUCT_BUNDLE_IDENTIFIER = ZhongZhi.CurrencyConverter.TodayWidget;
				PRODUCT_NAME = "$(TARGET_NAME)";
				SKIP_INSTALL = YES;
				SWIFT_VERSION = 4.2;
				TARGETED_DEVICE_FAMILY = "1,2";
			};
			name = Debug;
		};
		24D98589225C8CE900AEBA7B /* Release */ = {
			isa = XCBuildConfiguration;
			buildSettings = {
				CODE_SIGN_ENTITLEMENTS = TodayWidget/TodayWidget.entitlements;
				CODE_SIGN_STYLE = Automatic;
				DEVELOPMENT_TEAM = PP779DWHHM;
				INFOPLIST_FILE = TodayWidget/Info.plist;
				IPHONEOS_DEPLOYMENT_TARGET = 12.1;
				LD_RUNPATH_SEARCH_PATHS = (
					"$(inherited)",
					"@executable_path/Frameworks",
					"@executable_path/../../Frameworks",
				);
				PRODUCT_BUNDLE_IDENTIFIER = ZhongZhi.CurrencyConverter.TodayWidget;
				PRODUCT_NAME = "$(TARGET_NAME)";
				SKIP_INSTALL = YES;
				SWIFT_VERSION = 4.2;
				TARGETED_DEVICE_FAMILY = "1,2";
			};
			name = Release;
		};
/* End XCBuildConfiguration section */

/* Begin XCConfigurationList section */
		241CA34C2223D13600D5FC5F /* Build configuration list for PBXProject "CurrencyConverter" */ = {
			isa = XCConfigurationList;
			buildConfigurations = (
				241CA3772223D13700D5FC5F /* Debug */,
				241CA3782223D13700D5FC5F /* Release */,
			);
			defaultConfigurationIsVisible = 0;
			defaultConfigurationName = Release;
		};
		241CA3792223D13700D5FC5F /* Build configuration list for PBXNativeTarget "CurrencyConverter" */ = {
			isa = XCConfigurationList;
			buildConfigurations = (
				241CA37A2223D13700D5FC5F /* Debug */,
				241CA37B2223D13700D5FC5F /* Release */,
			);
			defaultConfigurationIsVisible = 0;
			defaultConfigurationName = Release;
		};
		241CA37C2223D13700D5FC5F /* Build configuration list for PBXNativeTarget "CurrencyConverterTests" */ = {
			isa = XCConfigurationList;
			buildConfigurations = (
				241CA37D2223D13700D5FC5F /* Debug */,
				241CA37E2223D13700D5FC5F /* Release */,
			);
			defaultConfigurationIsVisible = 0;
			defaultConfigurationName = Release;
		};
		241CA37F2223D13700D5FC5F /* Build configuration list for PBXNativeTarget "CurrencyConverterUITests" */ = {
			isa = XCConfigurationList;
			buildConfigurations = (
				241CA3802223D13700D5FC5F /* Debug */,
				241CA3812223D13700D5FC5F /* Release */,
			);
			defaultConfigurationIsVisible = 0;
			defaultConfigurationName = Release;
		};
		24D9858A225C8CE900AEBA7B /* Build configuration list for PBXNativeTarget "TodayWidget" */ = {
			isa = XCConfigurationList;
			buildConfigurations = (
				24D98588225C8CE900AEBA7B /* Debug */,
				24D98589225C8CE900AEBA7B /* Release */,
			);
			defaultConfigurationIsVisible = 0;
			defaultConfigurationName = Release;
		};
/* End XCConfigurationList section */
	};
	rootObject = 241CA3492223D13600D5FC5F /* Project object */;
}
